
Microsoft Visual Studio Solution File, Format Version 12.00
# Visual Studio Version 17
VisualStudioVersion = 17.6.33829.357
MinimumVisualStudioVersion = 10.0.40219.1
Project("{9A19103F-16F7-4668-BE54-9A1E7A4F7556}") = "OMP", "OMP\OMP.csproj", "{2054AE74-28D8-4645-AF0F-E081D5C91B0E}"
EndProject
Global
	GlobalSection(SolutionConfigurationPlatforms) = preSolution
		Debug|Any CPU = Debug|Any CPU
		Release|Any CPU = Release|Any CPU
	EndGlobalSection
	GlobalSection(ProjectConfigurationPlatforms) = postSolution
		{2054AE74-28D8-4645-AF0F-E081D5C91B0E}.Debug|Any CPU.ActiveCfg = Debug|Any CPU
		{2054AE74-28D8-4645-AF0F-E081D5C91B0E}.Debug|Any CPU.Build.0 = Debug|Any CPU
		{2054AE74-28D8-4645-AF0F-E081D5C91B0E}.Release|Any CPU.ActiveCfg = Release|Any CPU
		{2054AE74-28D8-4645-AF0F-E081D5C91B0E}.Release|Any CPU.Build.0 = Release|Any CPU
	EndGlobalSection
	GlobalSection(SolutionProperties) = preSolution
		HideSolutionNode = FALSE
	EndGlobalSection
	GlobalSection(ExtensibilityGlobals) = postSolution
		SolutionGuid = {B8330C66-ADED-4549-B7D3-C9CA6F09FDBA}
	EndGlobalSection
EndGlobal
